# THIS IS AN AUTOGENERATED FILE. DO NOT EDIT THIS FILE DIRECTLY.
# yarn lockfile v1


"@types/angular@^1.5.13":
  version "1.6.27"
  resolved "https://registry.yarnpkg.com/@types/angular/-/angular-1.6.27.tgz#d18feb611e23fc85c3c98b1b5f76a7cece56de0d"

almond@~0.3.1:
  version "0.3.3"
  resolved "https://registry.yarnpkg.com/almond/-/almond-0.3.3.tgz#a0e7c95ac7624d6417b4494b1e68bff693168a20"

angucomplete-alt@^3.0.0:
  version "3.0.0"
  resolved "https://registry.yarnpkg.com/angucomplete-alt/-/angucomplete-alt-3.0.0.tgz#7c59bec4e9b7f9563a0dc6153c83386e4ac251df"

angular-calendar-heatmap@^0.3.1:
  version "0.3.1"
  resolved "https://registry.yarnpkg.com/angular-calendar-heatmap/-/angular-calendar-heatmap-0.3.1.tgz#488462b5aa5e5febfe7320478f70a453af0adc91"
  dependencies:
    angular "^1.4.8"
    d3 "^3.5.16"
    moment "^2.13.0"

angular-cookies@^1.6.8:
  version "1.6.8"
  resolved "https://registry.yarnpkg.com/angular-cookies/-/angular-cookies-1.6.8.tgz#97b559ed797dd6545e4aafd14ba7a42dd3c6b40f"

angular-drag-and-drop-lists@^2.1.0:
  version "2.1.0"
  resolved "https://registry.yarnpkg.com/angular-drag-and-drop-lists/-/angular-drag-and-drop-lists-2.1.0.tgz#da10cc85c804251fbaaa84d837f7380fb0cd780f"

angular-i18n@^1.6.4:
  version "1.6.5"
  resolved "https://registry.yarnpkg.com/angular-i18n/-/angular-i18n-1.6.5.tgz#d1dd0ecb8e6bc95e7e1d7a28af457dcdbfa6efad"

angular-resource@^1.6.4:
  version "1.6.5"
  resolved "https://registry.yarnpkg.com/angular-resource/-/angular-resource-1.6.5.tgz#d1e712ab01afa5d2ec649f5e471673a704f2be40"

angular@^1.4.8, angular@^1.7.9:
  version "1.7.9"
  resolved "https://registry.yarnpkg.com/angular/-/angular-1.7.9.tgz#e52616e8701c17724c3c238cfe4f9446fd570bc4"
  integrity sha512-5se7ZpcOtu0MBFlzGv5dsM1quQDoDeUTwZrWjGtTNA7O88cD8TEk5IEKCTDa3uECV9XnvKREVUr7du1ACiWGFQ==

animate.css@^3.5.2:
  version "3.5.2"
  resolved "https://registry.yarnpkg.com/animate.css/-/animate.css-3.5.2.tgz#91e668dc069a808e5e499514867b97aae0166c36"

d3@^3.5.16:
  version "3.5.17"
  resolved "https://registry.yarnpkg.com/d3/-/d3-3.5.17.tgz#bc46748004378b21a360c9fc7cf5231790762fb8"

floating-scroll@^2.3.1:
  version "2.3.1"
  resolved "https://registry.yarnpkg.com/floating-scroll/-/floating-scroll-2.3.1.tgz#466e4ff34610d6c72887efb10da8708830ad0d7c"
  dependencies:
    jquery ">=1.4.3"

font-awesome@^4.7.0:
  version "4.7.0"
  resolved "https://registry.yarnpkg.com/font-awesome/-/font-awesome-4.7.0.tgz#8fa8cf0411a1a31afd07b06d2902bb9fc815a133"
  integrity sha1-j6jPBBGhoxr9B7BtKQK7n8gVoTM=

highcharts@^5.0.12:
  version "5.0.12"
  resolved "https://registry.yarnpkg.com/highcharts/-/highcharts-5.0.12.tgz#f73b970fe5c7f04100220b64aa7bd7fb019d11e2"

jquery-maskmoney@^3.0.2:
  version "3.0.2"
  resolved "https://registry.yarnpkg.com/jquery-maskmoney/-/jquery-maskmoney-3.0.2.tgz#f18de4f06b8c66ad97cae8b320571c936ac637b7"
  dependencies:
    jquery ">=1.6"

jquery-mousewheel@~3.1.13:
  version "3.1.13"
  resolved "https://registry.yarnpkg.com/jquery-mousewheel/-/jquery-mousewheel-3.1.13.tgz#06f0335f16e353a695e7206bf50503cb523a6ee5"

jquery.inputmask@^3.3.4:
  version "3.3.4"
  resolved "https://registry.yarnpkg.com/jquery.inputmask/-/jquery.inputmask-3.3.4.tgz#ff4a8fd196f9fe28a17fd77a2da579c15a78a606"

jquery@>=1.4.3, jquery@^3.2.1:
  version "3.2.1"
  resolved "https://registry.yarnpkg.com/jquery/-/jquery-3.2.1.tgz#5c4d9de652af6cd0a770154a631bba12b015c787"

jquery@>=1.6:
  version "3.3.1"
  resolved "https://registry.yarnpkg.com/jquery/-/jquery-3.3.1.tgz#958ce29e81c9790f31be7792df5d4d95fc57fbca"

materialize-clockpicker@^1.0.1:
  version "1.0.1"
  resolved "https://registry.yarnpkg.com/materialize-clockpicker/-/materialize-clockpicker-1.0.1.tgz#e815d2665b4e77eb9f60e983650a53de87dd8ffe"

moment@^2.13.0, moment@^2.19.1:
  version "2.19.1"
  resolved "https://registry.yarnpkg.com/moment/-/moment-2.19.1.tgz#56da1a2d1cbf01d38b7e1afc31c10bcfa1929167"

ng-table@^3.0.1:
  version "3.1.0"
  resolved "https://registry.yarnpkg.com/ng-table/-/ng-table-3.1.0.tgz#54a577f301a0f21d9fdc66e892d7a833c991f305"
  dependencies:
    "@types/angular" "^1.5.13"

ngmap@^1.18.4:
  version "1.18.4"
  resolved "https://registry.yarnpkg.com/ngmap/-/ngmap-1.18.4.tgz#8f36d8e840da6829ce5d40e5d747b70c4a3ac833"

select2@^4.0.3:
  version "4.0.3"
  resolved "https://registry.yarnpkg.com/select2/-/select2-4.0.3.tgz#207733fe91eacb9cb1a13f12463401f472449e0f"
  dependencies:
    almond "~0.3.1"
    jquery-mousewheel "~3.1.13"

sweetalert2@^6.6.5:
  version "6.6.6"
  resolved "https://registry.yarnpkg.com/sweetalert2/-/sweetalert2-6.6.6.tgz#3630279d98f04fb8b89f2e8b098fc42f03bcb555"
